# ---
# DE1-SoC Master Assignment File (QSF fragment)
# Device: Intel Cyclone V SoC 5CSEMA5F31C6N
# Board:  Terasic DE1-SoC
# Doc:    https://www.terasic.com.tw/cgi-bin/page/archive.pl?No=836
# ---

set_global_assignment -name FAMILY "Cyclone V"
set_global_assignment -name DEVICE 5CSEMA5F31C6


# ---
# CLOCKS
# ---

## 50 MHz oscillators (4× independent 50 MHz sources)
set_location_assignment PIN_AF14 -to CLOCK_50         ;# Bank 3B
set_location_assignment PIN_AA16 -to CLOCK2_50        ;# Bank 5A
set_location_assignment PIN_Y26  -to CLOCK3_50        ;# Bank 6A (DDR3 ref)
set_location_assignment PIN_K14  -to CLOCK4_50        ;# Bank 2A (LVDS-capable)

set_instance_assignment -name IO_STANDARD "3.3-V LVTTL" -to CLOCK_50
set_instance_assignment -name IO_STANDARD "3.3-V LVTTL" -to CLOCK2_50
set_instance_assignment -name IO_STANDARD "3.3-V LVTTL" -to CLOCK3_50
set_instance_assignment -name IO_STANDARD "1.5 V" -to CLOCK4_50


# ---
# LEDs  —  10 green LEDs, active high
# ---

set_location_assignment PIN_V16  -to LEDR[0]
set_location_assignment PIN_W16  -to LEDR[1]
set_location_assignment PIN_V17  -to LEDR[2]
set_location_assignment PIN_V18  -to LEDR[3]
set_location_assignment PIN_W17  -to LEDR[4]
set_location_assignment PIN_W19  -to LEDR[5]
set_location_assignment PIN_Y19  -to LEDR[6]
set_location_assignment PIN_W20  -to LEDR[7]
set_location_assignment PIN_W21  -to LEDR[8]
set_location_assignment PIN_Y21  -to LEDR[9]
set_instance_assignment -name IO_STANDARD "3.3-V LVTTL" -to LEDR[*]


# ---
# 7-SEGMENT DISPLAYS  —  6 displays (HEX0–HEX5), active low
# ---

## HEX0
set_location_assignment PIN_AE26 -to HEX0[0]
set_location_assignment PIN_AE27 -to HEX0[1]
set_location_assignment PIN_AE28 -to HEX0[2]
set_location_assignment PIN_AG27 -to HEX0[3]
set_location_assignment PIN_AF28 -to HEX0[4]
set_location_assignment PIN_AG28 -to HEX0[5]
set_location_assignment PIN_AH28 -to HEX0[6]

## HEX1
set_location_assignment PIN_AJ29 -to HEX1[0]
set_location_assignment PIN_AH29 -to HEX1[1]
set_location_assignment PIN_AH30 -to HEX1[2]
set_location_assignment PIN_AG30 -to HEX1[3]
set_location_assignment PIN_AF29 -to HEX1[4]
set_location_assignment PIN_AF30 -to HEX1[5]
set_location_assignment PIN_AD27 -to HEX1[6]

set_instance_assignment -name IO_STANDARD "3.3-V LVTTL" -to HEX0[*]
set_instance_assignment -name IO_STANDARD "3.3-V LVTTL" -to HEX1[*]


# ---
# PUSH BUTTONS  —  4 buttons, active low
# ---

set_location_assignment PIN_AA14 -to KEY[0]
set_location_assignment PIN_AA15 -to KEY[1]
set_location_assignment PIN_W15  -to KEY[2]
set_location_assignment PIN_Y16  -to KEY[3]
set_instance_assignment -name IO_STANDARD "3.3-V LVTTL" -to KEY[*]


# ---
# SLIDE SWITCHES  —  10 slide switches, active high
# ---

set_location_assignment PIN_AB12 -to SW[0]
set_location_assignment PIN_AC12 -to SW[1]
set_location_assignment PIN_AF9  -to SW[2]
set_location_assignment PIN_AF10 -to SW[3]
set_location_assignment PIN_AD11 -to SW[4]
set_location_assignment PIN_AD12 -to SW[5]
set_location_assignment PIN_AE11 -to SW[6]
set_location_assignment PIN_AC9  -to SW[7]
set_location_assignment PIN_AD10 -to SW[8]
set_location_assignment PIN_AE12 -to SW[9]
set_instance_assignment -name IO_STANDARD "3.3-V LVTTL" -to SW[*]


# ---
# GPIO Headers  —  Two 40-pin connectors (GPIO_0, GPIO_1)
# ---

set_location_assignment PIN_AB22 -to GPIO_0[0]
set_location_assignment PIN_AC15 -to GPIO_0[1]
set_location_assignment PIN_AB21 -to GPIO_0[2]
set_location_assignment PIN_Y17  -to GPIO_0[3]
set_location_assignment PIN_AC21 -to GPIO_0[4]
set_location_assignment PIN_Y16  -to GPIO_0[5]
set_instance_assignment -name IO_STANDARD "3.3-V LVTTL" -to GPIO_0[*]


# ---
# HPS (Hard Processor System)
# ---

## HPS UART0 (debug UART via USB-UART bridge)
set_location_assignment PIN_B11 -to HPS_UART_TX
set_location_assignment PIN_C11 -to HPS_UART_RX
set_instance_assignment -name IO_STANDARD "3.3-V LVTTL" -to HPS_UART_TX
set_instance_assignment -name IO_STANDARD "3.3-V LVTTL" -to HPS_UART_RX

## HPS DDR3 (1 GB Micron MT41K256M16 — constraints generated by EMIF IP)
## Do not manually constrain DDR3 — use Quartus EMIF IP to auto-generate.

## HPS Ethernet (Micrel KSZ9021A Gigabit PHY)
set_location_assignment PIN_A14 -to HPS_ENET_GTX_CLK
set_location_assignment PIN_C15 -to HPS_ENET_INT_N
set_location_assignment PIN_B17 -to HPS_ENET_MDC
set_location_assignment PIN_A16 -to HPS_ENET_MDIO
set_instance_assignment -name IO_STANDARD "3.3-V LVTTL" -to HPS_ENET_*

## HPS SD Card
set_location_assignment PIN_D2  -to HPS_SD_CLK
set_location_assignment PIN_C3  -to HPS_SD_CMD
set_location_assignment PIN_D4  -to HPS_SD_DATA[0]
set_location_assignment PIN_D3  -to HPS_SD_DATA[1]
set_location_assignment PIN_C2  -to HPS_SD_DATA[2]
set_location_assignment PIN_C1  -to HPS_SD_DATA[3]
set_instance_assignment -name IO_STANDARD "1.8 V" -to HPS_SD_*


# ---
# SDC timing constraint file reference
# ---
# Add to your .qsf:
#   set_global_assignment -name SDC_FILE de1_soc.sdc
#
# de1_soc.sdc should contain:
#   set_time_format -unit ns -decimal_places 3
#   create_clock -name {CLOCK_50} -period 20.000 [get_ports {CLOCK_50}]
#   create_clock -name {CLOCK2_50} -period 20.000 [get_ports {CLOCK2_50}]
#   derive_pll_clocks
#   derive_clock_uncertainty
